
Microsoft Visual Studio Solution File, Format Version 12.00
# Visual Studio Version 16
VisualStudioVersion = 16.0.31515.178
MinimumVisualStudioVersion = 10.0.40219.1
Project("{FAE04EC0-301F-11D3-BF4B-00C04F79EFBC}") = "WindowsDefenderControl", "WindowsDefenderControl\WindowsDefenderControl.csproj", "{8A20272C-D4CE-46B0-BD24-E43768992154}"
EndProject
Global
	GlobalSection(SolutionConfigurationPlatforms) = preSolution
		Debug|Any CPU = Debug|Any CPU
		Release|Any CPU = Release|Any CPU
	EndGlobalSection
	GlobalSection(ProjectConfigurationPlatforms) = postSolution
		{8A20272C-D4CE-46B0-BD24-E43768992154}.Debug|Any CPU.ActiveCfg = Debug|Any CPU
		{8A20272C-D4CE-46B0-BD24-E43768992154}.Debug|Any CPU.Build.0 = Debug|Any CPU
		{8A20272C-D4CE-46B0-BD24-E43768992154}.Release|Any CPU.ActiveCfg = Release|Any CPU
		{8A20272C-D4CE-46B0-BD24-E43768992154}.Release|Any CPU.Build.0 = Release|Any CPU
	EndGlobalSection
	GlobalSection(SolutionProperties) = preSolution
		HideSolutionNode = FALSE
	EndGlobalSection
	GlobalSection(ExtensibilityGlobals) = postSolution
		SolutionGuid = {139CFFE0-93A3-45ED-81EF-9C2F2FC9657F}
	EndGlobalSection
EndGlobal
